
Microsoft Visual Studio Solution File, Format Version 12.00
# Visual Studio Version 16
VisualStudioVersion = 16.0.32510.428
MinimumVisualStudioVersion = 10.0.40219.1
Project("{FAE04EC0-301F-11D3-BF4B-00C04F79EFBC}") = "modelbinde", "modelbinde\modelbinde.csproj", "{2F793424-4CAC-437D-BE7C-628AE32EA6CD}"
EndProject
Global
	GlobalSection(SolutionConfigurationPlatforms) = preSolution
		Debug|Any CPU = Debug|Any CPU
		Release|Any CPU = Release|Any CPU
	EndGlobalSection
	GlobalSection(ProjectConfigurationPlatforms) = postSolution
		{2F793424-4CAC-437D-BE7C-628AE32EA6CD}.Debug|Any CPU.ActiveCfg = Debug|Any CPU
		{2F793424-4CAC-437D-BE7C-628AE32EA6CD}.Debug|Any CPU.Build.0 = Debug|Any CPU
		{2F793424-4CAC-437D-BE7C-628AE32EA6CD}.Release|Any CPU.ActiveCfg = Release|Any CPU
		{2F793424-4CAC-437D-BE7C-628AE32EA6CD}.Release|Any CPU.Build.0 = Release|Any CPU
	EndGlobalSection
	GlobalSection(SolutionProperties) = preSolution
		HideSolutionNode = FALSE
	EndGlobalSection
	GlobalSection(ExtensibilityGlobals) = postSolution
		SolutionGuid = {2CB88088-4F77-4A54-85AD-54C8577D2C58}
	EndGlobalSection
EndGlobal
