
Microsoft Visual Studio Solution File, Format Version 12.00
# Visual Studio Version 16
VisualStudioVersion = 16.0.32510.428
MinimumVisualStudioVersion = 10.0.40219.1
Project("{FAE04EC0-301F-11D3-BF4B-00C04F79EFBC}") = "Inventory_Management_System", "Inventory_Management_System\Inventory_Management_System.csproj", "{47B6B08E-158F-45A6-998C-F4F146707ADC}"
EndProject
Global
	GlobalSection(SolutionConfigurationPlatforms) = preSolution
		Debug|Any CPU = Debug|Any CPU
		Release|Any CPU = Release|Any CPU
	EndGlobalSection
	GlobalSection(ProjectConfigurationPlatforms) = postSolution
		{47B6B08E-158F-45A6-998C-F4F146707ADC}.Debug|Any CPU.ActiveCfg = Debug|Any CPU
		{47B6B08E-158F-45A6-998C-F4F146707ADC}.Debug|Any CPU.Build.0 = Debug|Any CPU
		{47B6B08E-158F-45A6-998C-F4F146707ADC}.Release|Any CPU.ActiveCfg = Release|Any CPU
		{47B6B08E-158F-45A6-998C-F4F146707ADC}.Release|Any CPU.Build.0 = Release|Any CPU
	EndGlobalSection
	GlobalSection(SolutionProperties) = preSolution
		HideSolutionNode = FALSE
	EndGlobalSection
	GlobalSection(ExtensibilityGlobals) = postSolution
		SolutionGuid = {097969BA-84FE-4E98-810F-6664BEB6C885}
	EndGlobalSection
EndGlobal
