
Microsoft Visual Studio Solution File, Format Version 12.00
# Visual Studio Version 16
VisualStudioVersion = 16.0.32510.428
MinimumVisualStudioVersion = 10.0.40219.1
Project("{FAE04EC0-301F-11D3-BF4B-00C04F79EFBC}") = "E_multishopwebapi", "E_multishopwebapi\E_multishopwebapi.csproj", "{C78DD61B-BF48-4CA6-8C1E-4F3DE6272901}"
EndProject
Global
	GlobalSection(SolutionConfigurationPlatforms) = preSolution
		Debug|Any CPU = Debug|Any CPU
		Release|Any CPU = Release|Any CPU
	EndGlobalSection
	GlobalSection(ProjectConfigurationPlatforms) = postSolution
		{C78DD61B-BF48-4CA6-8C1E-4F3DE6272901}.Debug|Any CPU.ActiveCfg = Debug|Any CPU
		{C78DD61B-BF48-4CA6-8C1E-4F3DE6272901}.Debug|Any CPU.Build.0 = Debug|Any CPU
		{C78DD61B-BF48-4CA6-8C1E-4F3DE6272901}.Release|Any CPU.ActiveCfg = Release|Any CPU
		{C78DD61B-BF48-4CA6-8C1E-4F3DE6272901}.Release|Any CPU.Build.0 = Release|Any CPU
	EndGlobalSection
	GlobalSection(SolutionProperties) = preSolution
		HideSolutionNode = FALSE
	EndGlobalSection
	GlobalSection(ExtensibilityGlobals) = postSolution
		SolutionGuid = {19B461B9-0293-48FB-AFEF-4AA40387D449}
	EndGlobalSection
EndGlobal
