
Microsoft Visual Studio Solution File, Format Version 12.00
# Visual Studio Version 16
VisualStudioVersion = 16.0.32510.428
MinimumVisualStudioVersion = 10.0.40219.1
Project("{FAE04EC0-301F-11D3-BF4B-00C04F79EFBC}") = "Webapi", "Webapi\Webapi.csproj", "{F487419D-7DF2-4A8E-9700-DB2FB8BF2C59}"
EndProject
Global
	GlobalSection(SolutionConfigurationPlatforms) = preSolution
		Debug|Any CPU = Debug|Any CPU
		Release|Any CPU = Release|Any CPU
	EndGlobalSection
	GlobalSection(ProjectConfigurationPlatforms) = postSolution
		{F487419D-7DF2-4A8E-9700-DB2FB8BF2C59}.Debug|Any CPU.ActiveCfg = Debug|Any CPU
		{F487419D-7DF2-4A8E-9700-DB2FB8BF2C59}.Debug|Any CPU.Build.0 = Debug|Any CPU
		{F487419D-7DF2-4A8E-9700-DB2FB8BF2C59}.Release|Any CPU.ActiveCfg = Release|Any CPU
		{F487419D-7DF2-4A8E-9700-DB2FB8BF2C59}.Release|Any CPU.Build.0 = Release|Any CPU
	EndGlobalSection
	GlobalSection(SolutionProperties) = preSolution
		HideSolutionNode = FALSE
	EndGlobalSection
	GlobalSection(ExtensibilityGlobals) = postSolution
		SolutionGuid = {8BF5BC8F-568A-4DD4-94C5-A7F56BA7899C}
	EndGlobalSection
EndGlobal
