
Microsoft Visual Studio Solution File, Format Version 12.00
# Visual Studio Version 16
VisualStudioVersion = 16.0.32510.428
MinimumVisualStudioVersion = 10.0.40219.1
Project("{FAE04EC0-301F-11D3-BF4B-00C04F79EFBC}") = "Shadi.pk", "Shadi.pk\Shadi.pk.csproj", "{2B3B3A05-8A2A-4AC7-A633-88DECC4BD36B}"
EndProject
Global
	GlobalSection(SolutionConfigurationPlatforms) = preSolution
		Debug|Any CPU = Debug|Any CPU
		Release|Any CPU = Release|Any CPU
	EndGlobalSection
	GlobalSection(ProjectConfigurationPlatforms) = postSolution
		{2B3B3A05-8A2A-4AC7-A633-88DECC4BD36B}.Debug|Any CPU.ActiveCfg = Debug|Any CPU
		{2B3B3A05-8A2A-4AC7-A633-88DECC4BD36B}.Debug|Any CPU.Build.0 = Debug|Any CPU
		{2B3B3A05-8A2A-4AC7-A633-88DECC4BD36B}.Release|Any CPU.ActiveCfg = Release|Any CPU
		{2B3B3A05-8A2A-4AC7-A633-88DECC4BD36B}.Release|Any CPU.Build.0 = Release|Any CPU
	EndGlobalSection
	GlobalSection(SolutionProperties) = preSolution
		HideSolutionNode = FALSE
	EndGlobalSection
	GlobalSection(ExtensibilityGlobals) = postSolution
		SolutionGuid = {DF910134-CD05-4A0C-8A2E-7F02BCC6CCED}
	EndGlobalSection
EndGlobal
