
Microsoft Visual Studio Solution File, Format Version 12.00
# Visual Studio Version 16
VisualStudioVersion = 16.0.32510.428
MinimumVisualStudioVersion = 10.0.40219.1
Project("{FAE04EC0-301F-11D3-BF4B-00C04F79EFBC}") = "shadi", "shadi\shadi.csproj", "{99C35302-6DC4-452C-889A-087FE38163E5}"
EndProject
Global
	GlobalSection(SolutionConfigurationPlatforms) = preSolution
		Debug|Any CPU = Debug|Any CPU
		Release|Any CPU = Release|Any CPU
	EndGlobalSection
	GlobalSection(ProjectConfigurationPlatforms) = postSolution
		{99C35302-6DC4-452C-889A-087FE38163E5}.Debug|Any CPU.ActiveCfg = Debug|Any CPU
		{99C35302-6DC4-452C-889A-087FE38163E5}.Debug|Any CPU.Build.0 = Debug|Any CPU
		{99C35302-6DC4-452C-889A-087FE38163E5}.Release|Any CPU.ActiveCfg = Release|Any CPU
		{99C35302-6DC4-452C-889A-087FE38163E5}.Release|Any CPU.Build.0 = Release|Any CPU
	EndGlobalSection
	GlobalSection(SolutionProperties) = preSolution
		HideSolutionNode = FALSE
	EndGlobalSection
	GlobalSection(ExtensibilityGlobals) = postSolution
		SolutionGuid = {C60D520E-9CE1-47F9-A7BE-11362157DC1F}
	EndGlobalSection
EndGlobal
